
Microsoft Visual Studio Solution File, Format Version 12.00
# Visual Studio 15
VisualStudioVersion = 15.0.26730.16
MinimumVisualStudioVersion = 10.0.40219.1
Project("{FAE04EC0-301F-11D3-BF4B-00C04F79EFBC}") = "Rampup.Atv01.Model", "Rampup.Atv01.Model\Rampup.Atv01.Model.csproj", "{77E233D3-0CB7-4A4F-AF5B-F2B77783E4F2}"
EndProject
Project("{FAE04EC0-301F-11D3-BF4B-00C04F79EFBC}") = "Rampup.Atv01.UI", "Rampup.Atv01.UI\Rampup.Atv01.UI.csproj", "{D96FAEBA-F9B1-43D6-AF1C-DA32D93ADE9D}"
EndProject
Global
	GlobalSection(SolutionConfigurationPlatforms) = preSolution
		Debug|Any CPU = Debug|Any CPU
		Release|Any CPU = Release|Any CPU
	EndGlobalSection
	GlobalSection(ProjectConfigurationPlatforms) = postSolution
		{77E233D3-0CB7-4A4F-AF5B-F2B77783E4F2}.Debug|Any CPU.ActiveCfg = Debug|Any CPU
		{77E233D3-0CB7-4A4F-AF5B-F2B77783E4F2}.Debug|Any CPU.Build.0 = Debug|Any CPU
		{77E233D3-0CB7-4A4F-AF5B-F2B77783E4F2}.Release|Any CPU.ActiveCfg = Release|Any CPU
		{77E233D3-0CB7-4A4F-AF5B-F2B77783E4F2}.Release|Any CPU.Build.0 = Release|Any CPU
		{D96FAEBA-F9B1-43D6-AF1C-DA32D93ADE9D}.Debug|Any CPU.ActiveCfg = Debug|Any CPU
		{D96FAEBA-F9B1-43D6-AF1C-DA32D93ADE9D}.Debug|Any CPU.Build.0 = Debug|Any CPU
		{D96FAEBA-F9B1-43D6-AF1C-DA32D93ADE9D}.Release|Any CPU.ActiveCfg = Release|Any CPU
		{D96FAEBA-F9B1-43D6-AF1C-DA32D93ADE9D}.Release|Any CPU.Build.0 = Release|Any CPU
	EndGlobalSection
	GlobalSection(SolutionProperties) = preSolution
		HideSolutionNode = FALSE
	EndGlobalSection
	GlobalSection(ExtensibilityGlobals) = postSolution
		SolutionGuid = {02904CA3-B0D5-4FD6-AD88-22CE08A74CCE}
	EndGlobalSection
EndGlobal
