
Microsoft Visual Studio Solution File, Format Version 12.00
# Visual Studio 15
VisualStudioVersion = 15.0.26730.16
MinimumVisualStudioVersion = 10.0.40219.1
Project("{FAE04EC0-301F-11D3-BF4B-00C04F79EFBC}") = "Rampup.Atv02.Struct", "Rampup.Atv02\Rampup.Atv02.Struct.csproj", "{72963A7D-AE2B-4E33-A82E-D732CE8C5BA3}"
EndProject
Global
	GlobalSection(SolutionConfigurationPlatforms) = preSolution
		Debug|Any CPU = Debug|Any CPU
		Release|Any CPU = Release|Any CPU
	EndGlobalSection
	GlobalSection(ProjectConfigurationPlatforms) = postSolution
		{72963A7D-AE2B-4E33-A82E-D732CE8C5BA3}.Debug|Any CPU.ActiveCfg = Debug|Any CPU
		{72963A7D-AE2B-4E33-A82E-D732CE8C5BA3}.Debug|Any CPU.Build.0 = Debug|Any CPU
		{72963A7D-AE2B-4E33-A82E-D732CE8C5BA3}.Release|Any CPU.ActiveCfg = Release|Any CPU
		{72963A7D-AE2B-4E33-A82E-D732CE8C5BA3}.Release|Any CPU.Build.0 = Release|Any CPU
	EndGlobalSection
	GlobalSection(SolutionProperties) = preSolution
		HideSolutionNode = FALSE
	EndGlobalSection
	GlobalSection(ExtensibilityGlobals) = postSolution
		SolutionGuid = {837C4C60-3C83-412B-A6E9-849B8BE89B5A}
	EndGlobalSection
EndGlobal
